{
  "name": "meeple-reach",
  "version": "0.1.0",
  "lockfileVersion": 3,
  "requires": true,
  "packages": {
    "": {
      "name": "meeple-reach",
      "version": "0.1.0",
      "license": "MIT",
      "bin": {
        "meeple-reach": "bin/meeple-reach.js"
      },
      "engines": {
        "node": ">=22"
      }
    }
  }
}
